
Microsoft Visual Studio Solution File, Format Version 12.00
# Visual Studio Version 17
VisualStudioVersion = 17.8.34330.188
MinimumVisualStudioVersion = 10.0.40219.1
Project("{00D1A9C2-B5F0-4AF3-8072-F6C62B433612}") = "AdventureWorksLT", "AdventureWorksLT.sqlproj", "{FBCBE439-F927-4E81-AFB1-1D4B924DA9DE}"
EndProject
Global
	GlobalSection(SolutionConfigurationPlatforms) = preSolution
		Debug|Any CPU = Debug|Any CPU
		Release|Any CPU = Release|Any CPU
	EndGlobalSection
	GlobalSection(ProjectConfigurationPlatforms) = postSolution
		{FBCBE439-F927-4E81-AFB1-1D4B924DA9DE}.Debug|Any CPU.ActiveCfg = Debug|Any CPU
		{FBCBE439-F927-4E81-AFB1-1D4B924DA9DE}.Debug|Any CPU.Build.0 = Debug|Any CPU
		{FBCBE439-F927-4E81-AFB1-1D4B924DA9DE}.Debug|Any CPU.Deploy.0 = Debug|Any CPU
		{FBCBE439-F927-4E81-AFB1-1D4B924DA9DE}.Release|Any CPU.ActiveCfg = Release|Any CPU
		{FBCBE439-F927-4E81-AFB1-1D4B924DA9DE}.Release|Any CPU.Build.0 = Release|Any CPU
		{FBCBE439-F927-4E81-AFB1-1D4B924DA9DE}.Release|Any CPU.Deploy.0 = Release|Any CPU
	EndGlobalSection
	GlobalSection(SolutionProperties) = preSolution
		HideSolutionNode = FALSE
	EndGlobalSection
	GlobalSection(ExtensibilityGlobals) = postSolution
		SolutionGuid = {E26832C5-7EFD-4BA3-B543-BD2569753A77}
	EndGlobalSection
EndGlobal
